// !$*UTF8*$!
{
	archiveVersion = 1;
	classes = {
	};
	objectVersion = 53;
	objects = {

/* Begin PBXBuildFile section */
		081AAF8A85A5077BFC949CA6 /* Pods_MapDirectionVoice.framework in Frameworks */ = {isa = PBXBuildFile; fileRef = 6AD7205B38CE6C7E3E3C65DF /* Pods_MapDirectionVoice.framework */; };
		902E0E58250A017F0080EB42 /* Trip.swift in Sources */ = {isa = PBXBuildFile; fileRef = 902E0E57250A017F0080EB42 /* Trip.swift */; };
		902E0E5B250A04AC0080EB42 /* SettingsController.swift in Sources */ = {isa = PBXBuildFile; fileRef = 902E0E5A250A04AC0080EB42 /* SettingsController.swift */; };
		90470AFB24EC1D0100F35648 /* AuthButton.swift in Sources */ = {isa = PBXBuildFile; fileRef = 90470AFA24EC1D0100F35648 /* AuthButton.swift */; };
		9047AD1A24EFB2280052ED3D /* LocationHandler.swift in Sources */ = {isa = PBXBuildFile; fileRef = 9047AD1924EFB2280052ED3D /* LocationHandler.swift */; };
		9047AD1C24EFCE9D0052ED3D /* User.swift in Sources */ = {isa = PBXBuildFile; fileRef = 9047AD1B24EFCE9D0052ED3D /* User.swift */; };
		904BB7F62508AA7E00764D40 /* Service.swift in Sources */ = {isa = PBXBuildFile; fileRef = 904BB7F52508AA7E00764D40 /* Service.swift */; };
		904D9933250CE20E00432B36 /* Distance.swift in Sources */ = {isa = PBXBuildFile; fileRef = 904D9932250CE20E00432B36 /* Distance.swift */; };
		904E210424EE2D060009743C /* LocationCell.swift in Sources */ = {isa = PBXBuildFile; fileRef = 904E210324EE2D060009743C /* LocationCell.swift */; };
		90503B1524ECCA1000ACB5DC /* HomeController.swift in Sources */ = {isa = PBXBuildFile; fileRef = 90503B1424ECCA1000ACB5DC /* HomeController.swift */; };
		90503B1724ED096200ACB5DC /* LocationInputActivationView.swift in Sources */ = {isa = PBXBuildFile; fileRef = 90503B1624ED096200ACB5DC /* LocationInputActivationView.swift */; };
		90503B1924ED189300ACB5DC /* LocationInputView.swift in Sources */ = {isa = PBXBuildFile; fileRef = 90503B1824ED189300ACB5DC /* LocationInputView.swift */; };
		9052014024EBA8F200C89878 /* AppDelegate.swift in Sources */ = {isa = PBXBuildFile; fileRef = 9052013F24EBA8F200C89878 /* AppDelegate.swift */; };
		9052014224EBA8F200C89878 /* SceneDelegate.swift in Sources */ = {isa = PBXBuildFile; fileRef = 9052014124EBA8F200C89878 /* SceneDelegate.swift */; };
		9052014424EBA8F200C89878 /* ViewController.swift in Sources */ = {isa = PBXBuildFile; fileRef = 9052014324EBA8F200C89878 /* ViewController.swift */; };
		9052014724EBA8F200C89878 /* Main.storyboard in Resources */ = {isa = PBXBuildFile; fileRef = 9052014524EBA8F200C89878 /* Main.storyboard */; };
		9052014924EBA8F800C89878 /* Assets.xcassets in Resources */ = {isa = PBXBuildFile; fileRef = 9052014824EBA8F800C89878 /* Assets.xcassets */; };
		9052014C24EBA8F800C89878 /* LaunchScreen.storyboard in Resources */ = {isa = PBXBuildFile; fileRef = 9052014A24EBA8F800C89878 /* LaunchScreen.storyboard */; };
		9052015924EBA98600C89878 /* LoginController.swift in Sources */ = {isa = PBXBuildFile; fileRef = 9052015824EBA98600C89878 /* LoginController.swift */; };
		9052015B24EBA9CD00C89878 /* Extensions.swift in Sources */ = {isa = PBXBuildFile; fileRef = 9052015A24EBA9CD00C89878 /* Extensions.swift */; };
		9052015D24EBD2F800C89878 /* SignUpController.swift in Sources */ = {isa = PBXBuildFile; fileRef = 9052015C24EBD2F800C89878 /* SignUpController.swift */; };
		905327D7250B0DE80086016C /* RideActionView.swift in Sources */ = {isa = PBXBuildFile; fileRef = 905327D6250B0DE80086016C /* RideActionView.swift */; };
		9060D4102517A7B100A79CD5 /* GoogleService-Info.plist in Resources */ = {isa = PBXBuildFile; fileRef = 9060D40F2517A7B100A79CD5 /* GoogleService-Info.plist */; };
/* End PBXBuildFile section */

/* Begin PBXFileReference section */
		0B487EB7C52AA6D25B56EDA4 /* Pods-MapDirectionVoice.debug.xcconfig */ = {isa = PBXFileReference; includeInIndex = 1; lastKnownFileType = text.xcconfig; name = "Pods-MapDirectionVoice.debug.xcconfig"; path = "Target Support Files/Pods-MapDirectionVoice/Pods-MapDirectionVoice.debug.xcconfig"; sourceTree = "<group>"; };
		155061328C462DD1C6727130 /* Pods-MapDirectionVoice.release.xcconfig */ = {isa = PBXFileReference; includeInIndex = 1; lastKnownFileType = text.xcconfig; name = "Pods-MapDirectionVoice.release.xcconfig"; path = "Target Support Files/Pods-MapDirectionVoice/Pods-MapDirectionVoice.release.xcconfig"; sourceTree = "<group>"; };
		173E4BE3E9C57E4F28BF0076 /* Pods-MapDirectionVoice.release.xcconfig */ = {isa = PBXFileReference; includeInIndex = 1; lastKnownFileType = text.xcconfig; name = "Pods-MapDirectionVoice.release.xcconfig"; path = "Target Support Files/Pods-MapDirectionVoice/Pods-MapDirectionVoice.release.xcconfig"; sourceTree = "<group>"; };
		6AD7205B38CE6C7E3E3C65DF /* Pods_MapDirectionVoice.framework */ = {isa = PBXFileReference; explicitFileType = wrapper.framework; includeInIndex = 0; path = Pods_MapDirectionVoice.framework; sourceTree = BUILT_PRODUCTS_DIR; };
		902E0E57250A017F0080EB42 /* Trip.swift */ = {isa = PBXFileReference; lastKnownFileType = sourcecode.swift; path = Trip.swift; sourceTree = "<group>"; };
		902E0E5A250A04AC0080EB42 /* SettingsController.swift */ = {isa = PBXFileReference; lastKnownFileType = sourcecode.swift; path = SettingsController.swift; sourceTree = "<group>"; };
		90470AFA24EC1D0100F35648 /* AuthButton.swift */ = {isa = PBXFileReference; lastKnownFileType = sourcecode.swift; path = AuthButton.swift; sourceTree = "<group>"; };
		9047AD1924EFB2280052ED3D /* LocationHandler.swift */ = {isa = PBXFileReference; lastKnownFileType = sourcecode.swift; path = LocationHandler.swift; sourceTree = "<group>"; };
		9047AD1B24EFCE9D0052ED3D /* User.swift */ = {isa = PBXFileReference; lastKnownFileType = sourcecode.swift; path = User.swift; sourceTree = "<group>"; };
		904BB7F52508AA7E00764D40 /* Service.swift */ = {isa = PBXFileReference; lastKnownFileType = sourcecode.swift; path = Service.swift; sourceTree = "<group>"; };
		904D9932250CE20E00432B36 /* Distance.swift */ = {isa = PBXFileReference; lastKnownFileType = sourcecode.swift; path = Distance.swift; sourceTree = "<group>"; };
		904E210324EE2D060009743C /* LocationCell.swift */ = {isa = PBXFileReference; lastKnownFileType = sourcecode.swift; path = LocationCell.swift; sourceTree = "<group>"; };
		90503B1424ECCA1000ACB5DC /* HomeController.swift */ = {isa = PBXFileReference; lastKnownFileType = sourcecode.swift; path = HomeController.swift; sourceTree = "<group>"; };
		90503B1624ED096200ACB5DC /* LocationInputActivationView.swift */ = {isa = PBXFileReference; lastKnownFileType = sourcecode.swift; path = LocationInputActivationView.swift; sourceTree = "<group>"; };
		90503B1824ED189300ACB5DC /* LocationInputView.swift */ = {isa = PBXFileReference; lastKnownFileType = sourcecode.swift; path = LocationInputView.swift; sourceTree = "<group>"; };
		9052013C24EBA8F200C89878 /* MapDirectionVoice.app */ = {isa = PBXFileReference; explicitFileType = wrapper.application; includeInIndex = 0; path = MapDirectionVoice.app; sourceTree = BUILT_PRODUCTS_DIR; };
		9052013F24EBA8F200C89878 /* AppDelegate.swift */ = {isa = PBXFileReference; lastKnownFileType = sourcecode.swift; path = AppDelegate.swift; sourceTree = "<group>"; };
		9052014124EBA8F200C89878 /* SceneDelegate.swift */ = {isa = PBXFileReference; lastKnownFileType = sourcecode.swift; path = SceneDelegate.swift; sourceTree = "<group>"; };
		9052014324EBA8F200C89878 /* ViewController.swift */ = {isa = PBXFileReference; lastKnownFileType = sourcecode.swift; path = ViewController.swift; sourceTree = "<group>"; };
		9052014624EBA8F200C89878 /* Base */ = {isa = PBXFileReference; lastKnownFileType = file.storyboard; name = Base; path = Base.lproj/Main.storyboard; sourceTree = "<group>"; };
		9052014824EBA8F800C89878 /* Assets.xcassets */ = {isa = PBXFileReference; lastKnownFileType = folder.assetcatalog; path = Assets.xcassets; sourceTree = "<group>"; };
		9052014B24EBA8F800C89878 /* Base */ = {isa = PBXFileReference; lastKnownFileType = file.storyboard; name = Base; path = Base.lproj/LaunchScreen.storyboard; sourceTree = "<group>"; };
		9052014D24EBA8F800C89878 /* Info.plist */ = {isa = PBXFileReference; lastKnownFileType = text.plist.xml; path = Info.plist; sourceTree = "<group>"; };
		9052015824EBA98600C89878 /* LoginController.swift */ = {isa = PBXFileReference; lastKnownFileType = sourcecode.swift; path = LoginController.swift; sourceTree = "<group>"; };
		9052015A24EBA9CD00C89878 /* Extensions.swift */ = {isa = PBXFileReference; lastKnownFileType = sourcecode.swift; path = Extensions.swift; sourceTree = "<group>"; };
		9052015C24EBD2F800C89878 /* SignUpController.swift */ = {isa = PBXFileReference; lastKnownFileType = sourcecode.swift; path = SignUpController.swift; sourceTree = "<group>"; };
		905327D6250B0DE80086016C /* RideActionView.swift */ = {isa = PBXFileReference; lastKnownFileType = sourcecode.swift; path = RideActionView.swift; sourceTree = "<group>"; };
		9060D40F2517A7B100A79CD5 /* GoogleService-Info.plist */ = {isa = PBXFileReference; lastKnownFileType = text.plist; path = "GoogleService-Info.plist"; sourceTree = SOURCE_ROOT; };
		A5CE8318221B7A0FAC21AD70 /* Pods-MapDirectionVoice.debug.xcconfig */ = {isa = PBXFileReference; includeInIndex = 1; lastKnownFileType = text.xcconfig; name = "Pods-MapDirectionVoice.debug.xcconfig"; path = "Target Support Files/Pods-MapDirectionVoice/Pods-MapDirectionVoice.debug.xcconfig"; sourceTree = "<group>"; };
/* End PBXFileReference section */

/* Begin PBXFrameworksBuildPhase section */
		9052013924EBA8F200C89878 /* Frameworks */ = {
			isa = PBXFrameworksBuildPhase;
			buildActionMask = 2147483647;
			files = (
				081AAF8A85A5077BFC949CA6 /* Pods_MapDirectionVoice.framework in Frameworks */,
			);
			runOnlyForDeploymentPostprocessing = 0;
		};
/* End PBXFrameworksBuildPhase section */

/* Begin PBXGroup section */
		57F0CFFDA786A01DBBDDFF02 /* Pods */ = {
			isa = PBXGroup;
			children = (
				0B487EB7C52AA6D25B56EDA4 /* Pods-MapDirectionVoice.debug.xcconfig */,
				155061328C462DD1C6727130 /* Pods-MapDirectionVoice.release.xcconfig */,
				A5CE8318221B7A0FAC21AD70 /* Pods-MapDirectionVoice.debug.xcconfig */,
				173E4BE3E9C57E4F28BF0076 /* Pods-MapDirectionVoice.release.xcconfig */,
			);
			path = Pods;
			sourceTree = "<group>";
		};
		902E0E59250A047F0080EB42 /* Setting */ = {
			isa = PBXGroup;
			children = (
				902E0E5A250A04AC0080EB42 /* SettingsController.swift */,
			);
			path = Setting;
			sourceTree = "<group>";
		};
		9052013324EBA8F200C89878 = {
			isa = PBXGroup;
			children = (
				9052013E24EBA8F200C89878 /* MapDirectionVoice */,
				9052013D24EBA8F200C89878 /* Products */,
				57F0CFFDA786A01DBBDDFF02 /* Pods */,
				D40EACA6ADDE2DE3FF99969E /* Frameworks */,
			);
			sourceTree = "<group>";
		};
		9052013D24EBA8F200C89878 /* Products */ = {
			isa = PBXGroup;
			children = (
				9052013C24EBA8F200C89878 /* MapDirectionVoice.app */,
			);
			name = Products;
			sourceTree = "<group>";
		};
		9052013E24EBA8F200C89878 /* MapDirectionVoice */ = {
			isa = PBXGroup;
			children = (
				9052014D24EBA8F800C89878 /* Info.plist */,
				9060D40F2517A7B100A79CD5 /* GoogleService-Info.plist */,
				9052015724EBA93000C89878 /* Unitilities */,
				9052015624EBA91C00C89878 /* Services */,
				9052015524EBA91400C89878 /* View */,
				9052015424EBA90800C89878 /* Controller */,
				9052015324EBA8FF00C89878 /* Model */,
				9052013F24EBA8F200C89878 /* AppDelegate.swift */,
				9052014124EBA8F200C89878 /* SceneDelegate.swift */,
				9052014324EBA8F200C89878 /* ViewController.swift */,
				9052014524EBA8F200C89878 /* Main.storyboard */,
				9052014824EBA8F800C89878 /* Assets.xcassets */,
				9052014A24EBA8F800C89878 /* LaunchScreen.storyboard */,
			);
			path = MapDirectionVoice;
			sourceTree = "<group>";
		};
		9052015324EBA8FF00C89878 /* Model */ = {
			isa = PBXGroup;
			children = (
				9047AD1B24EFCE9D0052ED3D /* User.swift */,
				902E0E57250A017F0080EB42 /* Trip.swift */,
				904D9932250CE20E00432B36 /* Distance.swift */,
			);
			path = Model;
			sourceTree = "<group>";
		};
		9052015424EBA90800C89878 /* Controller */ = {
			isa = PBXGroup;
			children = (
				902E0E59250A047F0080EB42 /* Setting */,
				9052015824EBA98600C89878 /* LoginController.swift */,
				9052015C24EBD2F800C89878 /* SignUpController.swift */,
				90503B1424ECCA1000ACB5DC /* HomeController.swift */,
			);
			path = Controller;
			sourceTree = "<group>";
		};
		9052015524EBA91400C89878 /* View */ = {
			isa = PBXGroup;
			children = (
				90470AFA24EC1D0100F35648 /* AuthButton.swift */,
				90503B1624ED096200ACB5DC /* LocationInputActivationView.swift */,
				90503B1824ED189300ACB5DC /* LocationInputView.swift */,
				904E210324EE2D060009743C /* LocationCell.swift */,
				905327D6250B0DE80086016C /* RideActionView.swift */,
			);
			path = View;
			sourceTree = "<group>";
		};
		9052015624EBA91C00C89878 /* Services */ = {
			isa = PBXGroup;
			children = (
				904BB7F52508AA7E00764D40 /* Service.swift */,
			);
			path = Services;
			sourceTree = "<group>";
		};
		9052015724EBA93000C89878 /* Unitilities */ = {
			isa = PBXGroup;
			children = (
				9052015A24EBA9CD00C89878 /* Extensions.swift */,
				9047AD1924EFB2280052ED3D /* LocationHandler.swift */,
			);
			path = Unitilities;
			sourceTree = "<group>";
		};
		D40EACA6ADDE2DE3FF99969E /* Frameworks */ = {
			isa = PBXGroup;
			children = (
				6AD7205B38CE6C7E3E3C65DF /* Pods_MapDirectionVoice.framework */,
			);
			name = Frameworks;
			sourceTree = "<group>";
		};
/* End PBXGroup section */

/* Begin PBXNativeTarget section */
		9052013B24EBA8F200C89878 /* MapDirectionVoice */ = {
			isa = PBXNativeTarget;
			buildConfigurationList = 9052015024EBA8F800C89878 /* Build configuration list for PBXNativeTarget "MapDirectionVoice" */;
			buildPhases = (
				C0CC9FA35D0845F7DC195B06 /* [CP] Check Pods Manifest.lock */,
				9052013824EBA8F200C89878 /* Sources */,
				9052013924EBA8F200C89878 /* Frameworks */,
				9052013A24EBA8F200C89878 /* Resources */,
				C9F96125A36458AA6A48C4E6 /* [CP] Embed Pods Frameworks */,
			);
			buildRules = (
			);
			dependencies = (
			);
			name = MapDirectionVoice;
			productName = Grab;
			productReference = 9052013C24EBA8F200C89878 /* MapDirectionVoice.app */;
			productType = "com.apple.product-type.application";
		};
/* End PBXNativeTarget section */

/* Begin PBXProject section */
		9052013424EBA8F200C89878 /* Project object */ = {
			isa = PBXProject;
			attributes = {
				BuildIndependentTargetsInParallel = YES;
				LastSwiftUpdateCheck = 1160;
				LastUpgradeCheck = 1160;
				ORGANIZATIONNAME = "Vũ Tựu";
				TargetAttributes = {
					9052013B24EBA8F200C89878 = {
						CreatedOnToolsVersion = 11.6;
					};
				};
			};
			buildConfigurationList = 9052013724EBA8F200C89878 /* Build configuration list for PBXProject "MapDirectionVoice" */;
			compatibilityVersion = "Xcode 9.3";
			developmentRegion = en;
			hasScannedForEncodings = 0;
			knownRegions = (
				en,
				Base,
			);
			mainGroup = 9052013324EBA8F200C89878;
			productRefGroup = 9052013D24EBA8F200C89878 /* Products */;
			projectDirPath = "";
			projectRoot = "";
			targets = (
				9052013B24EBA8F200C89878 /* MapDirectionVoice */,
			);
		};
/* End PBXProject section */

/* Begin PBXResourcesBuildPhase section */
		9052013A24EBA8F200C89878 /* Resources */ = {
			isa = PBXResourcesBuildPhase;
			buildActionMask = 2147483647;
			files = (
				9052014C24EBA8F800C89878 /* LaunchScreen.storyboard in Resources */,
				9060D4102517A7B100A79CD5 /* GoogleService-Info.plist in Resources */,
				9052014924EBA8F800C89878 /* Assets.xcassets in Resources */,
				9052014724EBA8F200C89878 /* Main.storyboard in Resources */,
			);
			runOnlyForDeploymentPostprocessing = 0;
		};
/* End PBXResourcesBuildPhase section */

/* Begin PBXShellScriptBuildPhase section */
		C0CC9FA35D0845F7DC195B06 /* [CP] Check Pods Manifest.lock */ = {
			isa = PBXShellScriptBuildPhase;
			buildActionMask = 2147483647;
			files = (
			);
			inputFileListPaths = (
			);
			inputPaths = (
				"${PODS_PODFILE_DIR_PATH}/Podfile.lock",
				"${PODS_ROOT}/Manifest.lock",
			);
			name = "[CP] Check Pods Manifest.lock";
			outputFileListPaths = (
			);
			outputPaths = (
				"$(DERIVED_FILE_DIR)/Pods-MapDirectionVoice-checkManifestLockResult.txt",
			);
			runOnlyForDeploymentPostprocessing = 0;
			shellPath = /bin/sh;
			shellScript = "diff \"${PODS_PODFILE_DIR_PATH}/Podfile.lock\" \"${PODS_ROOT}/Manifest.lock\" > /dev/null\nif [ $? != 0 ] ; then\n    # print error to STDERR\n    echo \"error: The sandbox is not in sync with the Podfile.lock. Run 'pod install' or update your CocoaPods installation.\" >&2\n    exit 1\nfi\n# This output is used by Xcode 'outputs' to avoid re-running this script phase.\necho \"SUCCESS\" > \"${SCRIPT_OUTPUT_FILE_0}\"\n";
			showEnvVarsInLog = 0;
		};
		C9F96125A36458AA6A48C4E6 /* [CP] Embed Pods Frameworks */ = {
			isa = PBXShellScriptBuildPhase;
			buildActionMask = 2147483647;
			files = (
			);
			inputFileListPaths = (
				"${PODS_ROOT}/Target Support Files/Pods-MapDirectionVoice/Pods-MapDirectionVoice-frameworks-${CONFIGURATION}-input-files.xcfilelist",
			);
			name = "[CP] Embed Pods Frameworks";
			outputFileListPaths = (
				"${PODS_ROOT}/Target Support Files/Pods-MapDirectionVoice/Pods-MapDirectionVoice-frameworks-${CONFIGURATION}-output-files.xcfilelist",
			);
			runOnlyForDeploymentPostprocessing = 0;
			shellPath = /bin/sh;
			shellScript = "\"${PODS_ROOT}/Target Support Files/Pods-MapDirectionVoice/Pods-MapDirectionVoice-frameworks.sh\"\n";
			showEnvVarsInLog = 0;
		};
/* End PBXShellScriptBuildPhase section */

/* Begin PBXSourcesBuildPhase section */
		9052013824EBA8F200C89878 /* Sources */ = {
			isa = PBXSourcesBuildPhase;
			buildActionMask = 2147483647;
			files = (
				9052015B24EBA9CD00C89878 /* Extensions.swift in Sources */,
				90470AFB24EC1D0100F35648 /* AuthButton.swift in Sources */,
				904BB7F62508AA7E00764D40 /* Service.swift in Sources */,
				902E0E5B250A04AC0080EB42 /* SettingsController.swift in Sources */,
				9052014424EBA8F200C89878 /* ViewController.swift in Sources */,
				902E0E58250A017F0080EB42 /* Trip.swift in Sources */,
				9052015924EBA98600C89878 /* LoginController.swift in Sources */,
				90503B1924ED189300ACB5DC /* LocationInputView.swift in Sources */,
				904D9933250CE20E00432B36 /* Distance.swift in Sources */,
				9047AD1C24EFCE9D0052ED3D /* User.swift in Sources */,
				905327D7250B0DE80086016C /* RideActionView.swift in Sources */,
				90503B1724ED096200ACB5DC /* LocationInputActivationView.swift in Sources */,
				9047AD1A24EFB2280052ED3D /* LocationHandler.swift in Sources */,
				904E210424EE2D060009743C /* LocationCell.swift in Sources */,
				90503B1524ECCA1000ACB5DC /* HomeController.swift in Sources */,
				9052014024EBA8F200C89878 /* AppDelegate.swift in Sources */,
				9052014224EBA8F200C89878 /* SceneDelegate.swift in Sources */,
				9052015D24EBD2F800C89878 /* SignUpController.swift in Sources */,
			);
			runOnlyForDeploymentPostprocessing = 0;
		};
/* End PBXSourcesBuildPhase section */

/* Begin PBXVariantGroup section */
		9052014524EBA8F200C89878 /* Main.storyboard */ = {
			isa = PBXVariantGroup;
			children = (
				9052014624EBA8F200C89878 /* Base */,
			);
			name = Main.storyboard;
			sourceTree = "<group>";
		};
		9052014A24EBA8F800C89878 /* LaunchScreen.storyboard */ = {
			isa = PBXVariantGroup;
			children = (
				9052014B24EBA8F800C89878 /* Base */,
			);
			name = LaunchScreen.storyboard;
			sourceTree = "<group>";
		};
/* End PBXVariantGroup section */

/* Begin XCBuildConfiguration section */
		9052014E24EBA8F800C89878 /* Debug */ = {
			isa = XCBuildConfiguration;
			buildSettings = {
				ALWAYS_SEARCH_USER_PATHS = NO;
				CLANG_ANALYZER_NONNULL = YES;
				CLANG_ANALYZER_NUMBER_OBJECT_CONVERSION = YES_AGGRESSIVE;
				CLANG_CXX_LANGUAGE_STANDARD = "gnu++14";
				CLANG_CXX_LIBRARY = "libc++";
				CLANG_ENABLE_MODULES = YES;
				CLANG_ENABLE_OBJC_ARC = YES;
				CLANG_ENABLE_OBJC_WEAK = YES;
				CLANG_WARN_BLOCK_CAPTURE_AUTORELEASING = YES;
				CLANG_WARN_BOOL_CONVERSION = YES;
				CLANG_WARN_COMMA = YES;
				CLANG_WARN_CONSTANT_CONVERSION = YES;
				CLANG_WARN_DEPRECATED_OBJC_IMPLEMENTATIONS = YES;
				CLANG_WARN_DIRECT_OBJC_ISA_USAGE = YES_ERROR;
				CLANG_WARN_DOCUMENTATION_COMMENTS = YES;
				CLANG_WARN_EMPTY_BODY = YES;
				CLANG_WARN_ENUM_CONVERSION = YES;
				CLANG_WARN_INFINITE_RECURSION = YES;
				CLANG_WARN_INT_CONVERSION = YES;
				CLANG_WARN_NON_LITERAL_NULL_CONVERSION = YES;
				CLANG_WARN_OBJC_IMPLICIT_RETAIN_SELF = YES;
				CLANG_WARN_OBJC_LITERAL_CONVERSION = YES;
				CLANG_WARN_OBJC_ROOT_CLASS = YES_ERROR;
				CLANG_WARN_RANGE_LOOP_ANALYSIS = YES;
				CLANG_WARN_STRICT_PROTOTYPES = YES;
				CLANG_WARN_SUSPICIOUS_MOVE = YES;
				CLANG_WARN_UNGUARDED_AVAILABILITY = YES_AGGRESSIVE;
				CLANG_WARN_UNREACHABLE_CODE = YES;
				CLANG_WARN__DUPLICATE_METHOD_MATCH = YES;
				COPY_PHASE_STRIP = NO;
				DEBUG_INFORMATION_FORMAT = dwarf;
				ENABLE_STRICT_OBJC_MSGSEND = YES;
				ENABLE_TESTABILITY = YES;
				GCC_C_LANGUAGE_STANDARD = gnu11;
				GCC_DYNAMIC_NO_PIC = NO;
				GCC_NO_COMMON_BLOCKS = YES;
				GCC_OPTIMIZATION_LEVEL = 0;
				GCC_PREPROCESSOR_DEFINITIONS = (
					"DEBUG=1",
					"$(inherited)",
				);
				GCC_WARN_64_TO_32_BIT_CONVERSION = YES;
				GCC_WARN_ABOUT_RETURN_TYPE = YES_ERROR;
				GCC_WARN_UNDECLARED_SELECTOR = YES;
				GCC_WARN_UNINITIALIZED_AUTOS = YES_AGGRESSIVE;
				GCC_WARN_UNUSED_FUNCTION = YES;
				GCC_WARN_UNUSED_VARIABLE = YES;
				IPHONEOS_DEPLOYMENT_TARGET = 13.6;
				MTL_ENABLE_DEBUG_INFO = INCLUDE_SOURCE;
				MTL_FAST_MATH = YES;
				ONLY_ACTIVE_ARCH = YES;
				SDKROOT = iphoneos;
				SWIFT_ACTIVE_COMPILATION_CONDITIONS = DEBUG;
				SWIFT_OPTIMIZATION_LEVEL = "-Onone";
			};
			name = Debug;
		};
		9052014F24EBA8F800C89878 /* Release */ = {
			isa = XCBuildConfiguration;
			buildSettings = {
				ALWAYS_SEARCH_USER_PATHS = NO;
				CLANG_ANALYZER_NONNULL = YES;
				CLANG_ANALYZER_NUMBER_OBJECT_CONVERSION = YES_AGGRESSIVE;
				CLANG_CXX_LANGUAGE_STANDARD = "gnu++14";
				CLANG_CXX_LIBRARY = "libc++";
				CLANG_ENABLE_MODULES = YES;
				CLANG_ENABLE_OBJC_ARC = YES;
				CLANG_ENABLE_OBJC_WEAK = YES;
				CLANG_WARN_BLOCK_CAPTURE_AUTORELEASING = YES;
				CLANG_WARN_BOOL_CONVERSION = YES;
				CLANG_WARN_COMMA = YES;
				CLANG_WARN_CONSTANT_CONVERSION = YES;
				CLANG_WARN_DEPRECATED_OBJC_IMPLEMENTATIONS = YES;
				CLANG_WARN_DIRECT_OBJC_ISA_USAGE = YES_ERROR;
				CLANG_WARN_DOCUMENTATION_COMMENTS = YES;
				CLANG_WARN_EMPTY_BODY = YES;
				CLANG_WARN_ENUM_CONVERSION = YES;
				CLANG_WARN_INFINITE_RECURSION = YES;
				CLANG_WARN_INT_CONVERSION = YES;
				CLANG_WARN_NON_LITERAL_NULL_CONVERSION = YES;
				CLANG_WARN_OBJC_IMPLICIT_RETAIN_SELF = YES;
				CLANG_WARN_OBJC_LITERAL_CONVERSION = YES;
				CLANG_WARN_OBJC_ROOT_CLASS = YES_ERROR;
				CLANG_WARN_RANGE_LOOP_ANALYSIS = YES;
				CLANG_WARN_STRICT_PROTOTYPES = YES;
				CLANG_WARN_SUSPICIOUS_MOVE = YES;
				CLANG_WARN_UNGUARDED_AVAILABILITY = YES_AGGRESSIVE;
				CLANG_WARN_UNREACHABLE_CODE = YES;
				CLANG_WARN__DUPLICATE_METHOD_MATCH = YES;
				COPY_PHASE_STRIP = NO;
				DEBUG_INFORMATION_FORMAT = "dwarf-with-dsym";
				ENABLE_NS_ASSERTIONS = NO;
				ENABLE_STRICT_OBJC_MSGSEND = YES;
				GCC_C_LANGUAGE_STANDARD = gnu11;
				GCC_NO_COMMON_BLOCKS = YES;
				GCC_WARN_64_TO_32_BIT_CONVERSION = YES;
				GCC_WARN_ABOUT_RETURN_TYPE = YES_ERROR;
				GCC_WARN_UNDECLARED_SELECTOR = YES;
				GCC_WARN_UNINITIALIZED_AUTOS = YES_AGGRESSIVE;
				GCC_WARN_UNUSED_FUNCTION = YES;
				GCC_WARN_UNUSED_VARIABLE = YES;
				IPHONEOS_DEPLOYMENT_TARGET = 13.6;
				MTL_ENABLE_DEBUG_INFO = NO;
				MTL_FAST_MATH = YES;
				SDKROOT = iphoneos;
				SWIFT_COMPILATION_MODE = wholemodule;
				SWIFT_OPTIMIZATION_LEVEL = "-O";
				VALIDATE_PRODUCT = YES;
			};
			name = Release;
		};
		9052015124EBA8F800C89878 /* Debug */ = {
			isa = XCBuildConfiguration;
			baseConfigurationReference = A5CE8318221B7A0FAC21AD70 /* Pods-MapDirectionVoice.debug.xcconfig */;
			buildSettings = {
				ASSETCATALOG_COMPILER_APPICON_NAME = AppIcon;
				CODE_SIGN_STYLE = Automatic;
				DEVELOPMENT_TEAM = 6XZR5LMR6X;
				INFOPLIST_FILE = "$(SRCROOT)/MapDirectionVoice/Info.plist";
				LD_RUNPATH_SEARCH_PATHS = (
					"$(inherited)",
					"@executable_path/Frameworks",
				);
				PRODUCT_BUNDLE_IDENTIFIER = jp.Rue.MapDirectionVoice;
				PRODUCT_NAME = "$(TARGET_NAME)";
				SWIFT_VERSION = 5.0;
				TARGETED_DEVICE_FAMILY = 1;
			};
			name = Debug;
		};
		9052015224EBA8F800C89878 /* Release */ = {
			isa = XCBuildConfiguration;
			baseConfigurationReference = 173E4BE3E9C57E4F28BF0076 /* Pods-MapDirectionVoice.release.xcconfig */;
			buildSettings = {
				ASSETCATALOG_COMPILER_APPICON_NAME = AppIcon;
				CODE_SIGN_STYLE = Automatic;
				DEVELOPMENT_TEAM = 6XZR5LMR6X;
				INFOPLIST_FILE = "$(SRCROOT)/MapDirectionVoice/Info.plist";
				LD_RUNPATH_SEARCH_PATHS = (
					"$(inherited)",
					"@executable_path/Frameworks",
				);
				PRODUCT_BUNDLE_IDENTIFIER = jp.Rue.MapDirectionVoice;
				PRODUCT_NAME = "$(TARGET_NAME)";
				SWIFT_VERSION = 5.0;
				TARGETED_DEVICE_FAMILY = 1;
			};
			name = Release;
		};
/* End XCBuildConfiguration section */

/* Begin XCConfigurationList section */
		9052013724EBA8F200C89878 /* Build configuration list for PBXProject "MapDirectionVoice" */ = {
			isa = XCConfigurationList;
			buildConfigurations = (
				9052014E24EBA8F800C89878 /* Debug */,
				9052014F24EBA8F800C89878 /* Release */,
			);
			defaultConfigurationIsVisible = 0;
			defaultConfigurationName = Debug;
		};
		9052015024EBA8F800C89878 /* Build configuration list for PBXNativeTarget "MapDirectionVoice" */ = {
			isa = XCConfigurationList;
			buildConfigurations = (
				9052015124EBA8F800C89878 /* Debug */,
				9052015224EBA8F800C89878 /* Release */,
			);
			defaultConfigurationIsVisible = 0;
			defaultConfigurationName = Debug;
		};
/* End XCConfigurationList section */
	};
	rootObject = 9052013424EBA8F200C89878 /* Project object */;
}
